
Microsoft Visual Studio Solution File, Format Version 12.00
# Visual Studio Version 17
VisualStudioVersion = 17.0.31903.59
MinimumVisualStudioVersion = 10.0.40219.1
Project("{2150E333-8FDC-42A3-9474-1A3956D46DE8}") = "src", "src", "{827E0CD3-B72D-47B6-A68D-7590B98EB39B}"
EndProject
Project("{FAE04EC0-301F-11D3-BF4B-00C04F79EFBC}") = "AberrationCalculator.Core", "src\AberrationCalculator.Core\AberrationCalculator.Core.csproj", "{35AB5B0A-471E-4E23-BD15-FB0FE869A484}"
EndProject
Project("{FAE04EC0-301F-11D3-BF4B-00C04F79EFBC}") = "AberrationCalculator.IO", "src\AberrationCalculator.IO\AberrationCalculator.IO.csproj", "{69A6BEBF-0470-4FDD-AC13-EB1A58C79AAC}"
EndProject
Project("{2150E333-8FDC-42A3-9474-1A3956D46DE8}") = "tests", "tests", "{0AB3BF05-4346-4AA6-1389-037BE0695223}"
EndProject
Project("{FAE04EC0-301F-11D3-BF4B-00C04F79EFBC}") = "AberrationCalculator.Tests", "tests\AberrationCalculator.Tests\AberrationCalculator.Tests.csproj", "{623E8585-11A8-4061-ADB0-2B82134F7996}"
EndProject
Project("{2150E333-8FDC-42A3-9474-1A3956D46DE8}") = "tools", "tools", "{07C2787E-EAC7-C090-1BA3-A61EC2A24D84}"
EndProject
Project("{FAE04EC0-301F-11D3-BF4B-00C04F79EFBC}") = "smoke", "tools\smoke\smoke.csproj", "{7C13E521-1910-43FF-A1BC-7177FEE48C61}"
EndProject
Project("{FAE04EC0-301F-11D3-BF4B-00C04F79EFBC}") = "AberrationCalculator.Cli", "src\AberrationCalculator.Cli\AberrationCalculator.Cli.csproj", "{89B20048-2CE4-4A79-95FF-E9590CFEEE3C}"
EndProject
Project("{FAE04EC0-301F-11D3-BF4B-00C04F79EFBC}") = "AberrationCalculator.Mcp", "src\AberrationCalculator.Mcp\AberrationCalculator.Mcp.csproj", "{66B265D8-7E55-4B53-814E-4BC7B6B266FF}"
EndProject
Project("{2150E333-8FDC-42A3-9474-1A3956D46DE8}") = "mcpsetup", "mcpsetup", "{AB4F10A2-EE92-E3A5-8ED1-C5197D38C0C7}"
EndProject
Project("{FAE04EC0-301F-11D3-BF4B-00C04F79EFBC}") = "McpSetup", "tools\mcpsetup\McpSetup.csproj", "{FBA06B6A-B744-473D-9C24-FFCB729F984D}"
EndProject
Global
	GlobalSection(SolutionConfigurationPlatforms) = preSolution
		Debug|Any CPU = Debug|Any CPU
		Debug|x64 = Debug|x64
		Debug|x86 = Debug|x86
		Release|Any CPU = Release|Any CPU
		Release|x64 = Release|x64
		Release|x86 = Release|x86
	EndGlobalSection
	GlobalSection(ProjectConfigurationPlatforms) = postSolution
		{35AB5B0A-471E-4E23-BD15-FB0FE869A484}.Debug|Any CPU.ActiveCfg = Debug|Any CPU
		{35AB5B0A-471E-4E23-BD15-FB0FE869A484}.Debug|Any CPU.Build.0 = Debug|Any CPU
		{35AB5B0A-471E-4E23-BD15-FB0FE869A484}.Debug|x64.ActiveCfg = Debug|Any CPU
		{35AB5B0A-471E-4E23-BD15-FB0FE869A484}.Debug|x64.Build.0 = Debug|Any CPU
		{35AB5B0A-471E-4E23-BD15-FB0FE869A484}.Debug|x86.ActiveCfg = Debug|Any CPU
		{35AB5B0A-471E-4E23-BD15-FB0FE869A484}.Debug|x86.Build.0 = Debug|Any CPU
		{35AB5B0A-471E-4E23-BD15-FB0FE869A484}.Release|Any CPU.ActiveCfg = Release|Any CPU
		{35AB5B0A-471E-4E23-BD15-FB0FE869A484}.Release|Any CPU.Build.0 = Release|Any CPU
		{35AB5B0A-471E-4E23-BD15-FB0FE869A484}.Release|x64.ActiveCfg = Release|Any CPU
		{35AB5B0A-471E-4E23-BD15-FB0FE869A484}.Release|x64.Build.0 = Release|Any CPU
		{35AB5B0A-471E-4E23-BD15-FB0FE869A484}.Release|x86.ActiveCfg = Release|Any CPU
		{35AB5B0A-471E-4E23-BD15-FB0FE869A484}.Release|x86.Build.0 = Release|Any CPU
		{69A6BEBF-0470-4FDD-AC13-EB1A58C79AAC}.Debug|Any CPU.ActiveCfg = Debug|Any CPU
		{69A6BEBF-0470-4FDD-AC13-EB1A58C79AAC}.Debug|Any CPU.Build.0 = Debug|Any CPU
		{69A6BEBF-0470-4FDD-AC13-EB1A58C79AAC}.Debug|x64.ActiveCfg = Debug|Any CPU
		{69A6BEBF-0470-4FDD-AC13-EB1A58C79AAC}.Debug|x64.Build.0 = Debug|Any CPU
		{69A6BEBF-0470-4FDD-AC13-EB1A58C79AAC}.Debug|x86.ActiveCfg = Debug|Any CPU
		{69A6BEBF-0470-4FDD-AC13-EB1A58C79AAC}.Debug|x86.Build.0 = Debug|Any CPU
		{69A6BEBF-0470-4FDD-AC13-EB1A58C79AAC}.Release|Any CPU.ActiveCfg = Release|Any CPU
		{69A6BEBF-0470-4FDD-AC13-EB1A58C79AAC}.Release|Any CPU.Build.0 = Release|Any CPU
		{69A6BEBF-0470-4FDD-AC13-EB1A58C79AAC}.Release|x64.ActiveCfg = Release|Any CPU
		{69A6BEBF-0470-4FDD-AC13-EB1A58C79AAC}.Release|x64.Build.0 = Release|Any CPU
		{69A6BEBF-0470-4FDD-AC13-EB1A58C79AAC}.Release|x86.ActiveCfg = Release|Any CPU
		{69A6BEBF-0470-4FDD-AC13-EB1A58C79AAC}.Release|x86.Build.0 = Release|Any CPU
		{623E8585-11A8-4061-ADB0-2B82134F7996}.Debug|Any CPU.ActiveCfg = Debug|Any CPU
		{623E8585-11A8-4061-ADB0-2B82134F7996}.Debug|Any CPU.Build.0 = Debug|Any CPU
		{623E8585-11A8-4061-ADB0-2B82134F7996}.Debug|x64.ActiveCfg = Debug|Any CPU
		{623E8585-11A8-4061-ADB0-2B82134F7996}.Debug|x64.Build.0 = Debug|Any CPU
		{623E8585-11A8-4061-ADB0-2B82134F7996}.Debug|x86.ActiveCfg = Debug|Any CPU
		{623E8585-11A8-4061-ADB0-2B82134F7996}.Debug|x86.Build.0 = Debug|Any CPU
		{623E8585-11A8-4061-ADB0-2B82134F7996}.Release|Any CPU.ActiveCfg = Release|Any CPU
		{623E8585-11A8-4061-ADB0-2B82134F7996}.Release|Any CPU.Build.0 = Release|Any CPU
		{623E8585-11A8-4061-ADB0-2B82134F7996}.Release|x64.ActiveCfg = Release|Any CPU
		{623E8585-11A8-4061-ADB0-2B82134F7996}.Release|x64.Build.0 = Release|Any CPU
		{623E8585-11A8-4061-ADB0-2B82134F7996}.Release|x86.ActiveCfg = Release|Any CPU
		{623E8585-11A8-4061-ADB0-2B82134F7996}.Release|x86.Build.0 = Release|Any CPU
		{7C13E521-1910-43FF-A1BC-7177FEE48C61}.Debug|Any CPU.ActiveCfg = Debug|Any CPU
		{7C13E521-1910-43FF-A1BC-7177FEE48C61}.Debug|Any CPU.Build.0 = Debug|Any CPU
		{7C13E521-1910-43FF-A1BC-7177FEE48C61}.Debug|x64.ActiveCfg = Debug|Any CPU
		{7C13E521-1910-43FF-A1BC-7177FEE48C61}.Debug|x64.Build.0 = Debug|Any CPU
		{7C13E521-1910-43FF-A1BC-7177FEE48C61}.Debug|x86.ActiveCfg = Debug|Any CPU
		{7C13E521-1910-43FF-A1BC-7177FEE48C61}.Debug|x86.Build.0 = Debug|Any CPU
		{7C13E521-1910-43FF-A1BC-7177FEE48C61}.Release|Any CPU.ActiveCfg = Release|Any CPU
		{7C13E521-1910-43FF-A1BC-7177FEE48C61}.Release|Any CPU.Build.0 = Release|Any CPU
		{7C13E521-1910-43FF-A1BC-7177FEE48C61}.Release|x64.ActiveCfg = Release|Any CPU
		{7C13E521-1910-43FF-A1BC-7177FEE48C61}.Release|x64.Build.0 = Release|Any CPU
		{7C13E521-1910-43FF-A1BC-7177FEE48C61}.Release|x86.ActiveCfg = Release|Any CPU
		{7C13E521-1910-43FF-A1BC-7177FEE48C61}.Release|x86.Build.0 = Release|Any CPU
		{89B20048-2CE4-4A79-95FF-E9590CFEEE3C}.Debug|Any CPU.ActiveCfg = Debug|Any CPU
		{89B20048-2CE4-4A79-95FF-E9590CFEEE3C}.Debug|Any CPU.Build.0 = Debug|Any CPU
		{89B20048-2CE4-4A79-95FF-E9590CFEEE3C}.Debug|x64.ActiveCfg = Debug|Any CPU
		{89B20048-2CE4-4A79-95FF-E9590CFEEE3C}.Debug|x64.Build.0 = Debug|Any CPU
		{89B20048-2CE4-4A79-95FF-E9590CFEEE3C}.Debug|x86.ActiveCfg = Debug|Any CPU
		{89B20048-2CE4-4A79-95FF-E9590CFEEE3C}.Debug|x86.Build.0 = Debug|Any CPU
		{89B20048-2CE4-4A79-95FF-E9590CFEEE3C}.Release|Any CPU.ActiveCfg = Release|Any CPU
		{89B20048-2CE4-4A79-95FF-E9590CFEEE3C}.Release|Any CPU.Build.0 = Release|Any CPU
		{89B20048-2CE4-4A79-95FF-E9590CFEEE3C}.Release|x64.ActiveCfg = Release|Any CPU
		{89B20048-2CE4-4A79-95FF-E9590CFEEE3C}.Release|x64.Build.0 = Release|Any CPU
		{89B20048-2CE4-4A79-95FF-E9590CFEEE3C}.Release|x86.ActiveCfg = Release|Any CPU
		{89B20048-2CE4-4A79-95FF-E9590CFEEE3C}.Release|x86.Build.0 = Release|Any CPU
		{66B265D8-7E55-4B53-814E-4BC7B6B266FF}.Debug|Any CPU.ActiveCfg = Debug|Any CPU
		{66B265D8-7E55-4B53-814E-4BC7B6B266FF}.Debug|Any CPU.Build.0 = Debug|Any CPU
		{66B265D8-7E55-4B53-814E-4BC7B6B266FF}.Debug|x64.ActiveCfg = Debug|Any CPU
		{66B265D8-7E55-4B53-814E-4BC7B6B266FF}.Debug|x64.Build.0 = Debug|Any CPU
		{66B265D8-7E55-4B53-814E-4BC7B6B266FF}.Debug|x86.ActiveCfg = Debug|Any CPU
		{66B265D8-7E55-4B53-814E-4BC7B6B266FF}.Debug|x86.Build.0 = Debug|Any CPU
		{66B265D8-7E55-4B53-814E-4BC7B6B266FF}.Release|Any CPU.ActiveCfg = Release|Any CPU
		{66B265D8-7E55-4B53-814E-4BC7B6B266FF}.Release|Any CPU.Build.0 = Release|Any CPU
		{66B265D8-7E55-4B53-814E-4BC7B6B266FF}.Release|x64.ActiveCfg = Release|Any CPU
		{66B265D8-7E55-4B53-814E-4BC7B6B266FF}.Release|x64.Build.0 = Release|Any CPU
		{66B265D8-7E55-4B53-814E-4BC7B6B266FF}.Release|x86.ActiveCfg = Release|Any CPU
		{66B265D8-7E55-4B53-814E-4BC7B6B266FF}.Release|x86.Build.0 = Release|Any CPU
		{FBA06B6A-B744-473D-9C24-FFCB729F984D}.Debug|Any CPU.ActiveCfg = Debug|Any CPU
		{FBA06B6A-B744-473D-9C24-FFCB729F984D}.Debug|Any CPU.Build.0 = Debug|Any CPU
		{FBA06B6A-B744-473D-9C24-FFCB729F984D}.Debug|x64.ActiveCfg = Debug|Any CPU
		{FBA06B6A-B744-473D-9C24-FFCB729F984D}.Debug|x64.Build.0 = Debug|Any CPU
		{FBA06B6A-B744-473D-9C24-FFCB729F984D}.Debug|x86.ActiveCfg = Debug|Any CPU
		{FBA06B6A-B744-473D-9C24-FFCB729F984D}.Debug|x86.Build.0 = Debug|Any CPU
		{FBA06B6A-B744-473D-9C24-FFCB729F984D}.Release|Any CPU.ActiveCfg = Release|Any CPU
		{FBA06B6A-B744-473D-9C24-FFCB729F984D}.Release|Any CPU.Build.0 = Release|Any CPU
		{FBA06B6A-B744-473D-9C24-FFCB729F984D}.Release|x64.ActiveCfg = Release|Any CPU
		{FBA06B6A-B744-473D-9C24-FFCB729F984D}.Release|x64.Build.0 = Release|Any CPU
		{FBA06B6A-B744-473D-9C24-FFCB729F984D}.Release|x86.ActiveCfg = Release|Any CPU
		{FBA06B6A-B744-473D-9C24-FFCB729F984D}.Release|x86.Build.0 = Release|Any CPU
	EndGlobalSection
	GlobalSection(SolutionProperties) = preSolution
		HideSolutionNode = FALSE
	EndGlobalSection
	GlobalSection(NestedProjects) = preSolution
		{35AB5B0A-471E-4E23-BD15-FB0FE869A484} = {827E0CD3-B72D-47B6-A68D-7590B98EB39B}
		{69A6BEBF-0470-4FDD-AC13-EB1A58C79AAC} = {827E0CD3-B72D-47B6-A68D-7590B98EB39B}
		{623E8585-11A8-4061-ADB0-2B82134F7996} = {0AB3BF05-4346-4AA6-1389-037BE0695223}
		{7C13E521-1910-43FF-A1BC-7177FEE48C61} = {07C2787E-EAC7-C090-1BA3-A61EC2A24D84}
		{89B20048-2CE4-4A79-95FF-E9590CFEEE3C} = {827E0CD3-B72D-47B6-A68D-7590B98EB39B}
		{66B265D8-7E55-4B53-814E-4BC7B6B266FF} = {827E0CD3-B72D-47B6-A68D-7590B98EB39B}
		{AB4F10A2-EE92-E3A5-8ED1-C5197D38C0C7} = {07C2787E-EAC7-C090-1BA3-A61EC2A24D84}
		{FBA06B6A-B744-473D-9C24-FFCB729F984D} = {AB4F10A2-EE92-E3A5-8ED1-C5197D38C0C7}
	EndGlobalSection
EndGlobal
